
Microsoft Visual Studio Solution File, Format Version 12.00
# Visual Studio Version 16
VisualStudioVersion = 16.0.29306.81
MinimumVisualStudioVersion = 10.0.40219.1
Project("{FAE04EC0-301F-11D3-BF4B-00C04F79EFBC}") = "SwissTransport", "src\SwissTransport\SwissTransport.csproj", "{D0262178-A48F-4DE0-807B-E76B63E39421}"
EndProject
Project("{FAE04EC0-301F-11D3-BF4B-00C04F79EFBC}") = "SwissTransportTest", "tests\SwissTransportTest\SwissTransportTest.csproj", "{959C6E54-5B1C-40F5-938A-C57B17451421}"
EndProject
Project("{FAE04EC0-301F-11D3-BF4B-00C04F79EFBC}") = "Fahrplan-SteamVac", "Fahrplan-SteamVac\Fahrplan-SteamVac.csproj", "{11507A45-1CCC-4B6E-A326-6966FB201CCA}"
EndProject
Global
	GlobalSection(SolutionConfigurationPlatforms) = preSolution
		Debug|Any CPU = Debug|Any CPU
		Release|Any CPU = Release|Any CPU
	EndGlobalSection
	GlobalSection(ProjectConfigurationPlatforms) = postSolution
		{D0262178-A48F-4DE0-807B-E76B63E39421}.Debug|Any CPU.ActiveCfg = Debug|Any CPU
		{D0262178-A48F-4DE0-807B-E76B63E39421}.Debug|Any CPU.Build.0 = Debug|Any CPU
		{D0262178-A48F-4DE0-807B-E76B63E39421}.Release|Any CPU.ActiveCfg = Release|Any CPU
		{D0262178-A48F-4DE0-807B-E76B63E39421}.Release|Any CPU.Build.0 = Release|Any CPU
		{959C6E54-5B1C-40F5-938A-C57B17451421}.Debug|Any CPU.ActiveCfg = Debug|Any CPU
		{959C6E54-5B1C-40F5-938A-C57B17451421}.Debug|Any CPU.Build.0 = Debug|Any CPU
		{959C6E54-5B1C-40F5-938A-C57B17451421}.Release|Any CPU.ActiveCfg = Release|Any CPU
		{959C6E54-5B1C-40F5-938A-C57B17451421}.Release|Any CPU.Build.0 = Release|Any CPU
		{11507A45-1CCC-4B6E-A326-6966FB201CCA}.Debug|Any CPU.ActiveCfg = Debug|Any CPU
		{11507A45-1CCC-4B6E-A326-6966FB201CCA}.Debug|Any CPU.Build.0 = Debug|Any CPU
		{11507A45-1CCC-4B6E-A326-6966FB201CCA}.Release|Any CPU.ActiveCfg = Release|Any CPU
		{11507A45-1CCC-4B6E-A326-6966FB201CCA}.Release|Any CPU.Build.0 = Release|Any CPU
	EndGlobalSection
	GlobalSection(SolutionProperties) = preSolution
		HideSolutionNode = FALSE
	EndGlobalSection
	GlobalSection(ExtensibilityGlobals) = postSolution
		SolutionGuid = {9C9E26C6-6D89-4F9A-BF79-34D3AAB8D8C7}
	EndGlobalSection
EndGlobal
